{
  "version": 4,
  "terraform_version": "1.1.7",
  "serial": 16,
  "lineage": "dc072989-b656-ae38-9efd-9ed6ae755f37",
  "outputs": {},
  "resources": [
    {
      "module": "module.vm",
      "mode": "data",
      "type": "azurerm_virtual_network",
      "name": "transit_vnet",
      "provider": "provider[\"registry.terraform.io/hashicorp/azurerm\"]",
      "instances": [
        {
          "schema_version": 0,
          "attributes": {
            "address_space": [
              "10.0.0.0/16"
            ],
            "dns_servers": null,
            "guid": "9563d586-2bbe-43cf-a764-0b0d02e10330",
            "id": "/subscriptions/bfac31e9-2910-4663-80dc-d45bdc627fb1/resourceGroups/ecisnerosRG/providers/Microsoft.Network/virtualNetworks/ecisnerosRG-vnet",
            "location": "usgovvirginia",
            "name": "ecisnerosRG-vnet",
            "resource_group_name": "ecisnerosRG",
            "subnets": [
              "default"
            ],
            "timeouts": null,
            "vnet_peerings": {
              "IaCtollstoadmin": "/subscriptions/bfac31e9-2910-4663-80dc-d45bdc627fb1/resourceGroups/k8/providers/Microsoft.Network/virtualNetworks/k8-vnet",
              "bastiontoWeVrf": "/subscriptions/bfac31e9-2910-4663-80dc-d45bdc627fb1/resourceGroups/WeVrF/providers/Microsoft.Network/virtualNetworks/WeVrF-vnet"
            }
          },
          "sensitive_attributes": []
        }
      ]
    },
    {
      "module": "module.vm",
      "mode": "managed",
      "type": "azurerm_lb",
      "name": "test",
      "provider": "provider[\"registry.terraform.io/hashicorp/azurerm\"]",
      "instances": [
        {
          "schema_version": 0,
          "attributes": {
            "frontend_ip_configuration": [
              {
                "availability_zone": "No-Zone",
                "id": "/subscriptions/bfac31e9-2910-4663-80dc-d45bdc627fb1/resourceGroups/Sprint-default/providers/Microsoft.Network/loadBalancers/default-loadBalancer/frontendIPConfigurations/default-publicIPAddress",
                "inbound_nat_rules": [],
                "load_balancer_rules": [],
                "name": "default-publicIPAddress",
                "outbound_rules": [],
                "private_ip_address": "",
                "private_ip_address_allocation": "Dynamic",
                "private_ip_address_version": "",
                "public_ip_address_id": "/subscriptions/bfac31e9-2910-4663-80dc-d45bdc627fb1/resourceGroups/Sprint-default/providers/Microsoft.Network/publicIPAddresses/default-publicIPForLB",
                "public_ip_prefix_id": "",
                "subnet_id": "",
                "zones": []
              }
            ],
            "id": "/subscriptions/bfac31e9-2910-4663-80dc-d45bdc627fb1/resourceGroups/Sprint-default/providers/Microsoft.Network/loadBalancers/default-loadBalancer",
            "location": "usgovvirginia",
            "name": "default-loadBalancer",
            "private_ip_address": "",
            "private_ip_addresses": [],
            "resource_group_name": "Sprint-default",
            "sku": "Basic",
            "tags": {
              "Project": "T853_Cloud_Bench_AR7120"
            },
            "timeouts": null
          },
          "sensitive_attributes": [],
          "private": "eyJlMmJmYjczMC1lY2FhLTExZTYtOGY4OC0zNDM2M2JjN2M0YzAiOnsiY3JlYXRlIjoxODAwMDAwMDAwMDAwLCJkZWxldGUiOjE4MDAwMDAwMDAwMDAsInJlYWQiOjMwMDAwMDAwMDAwMCwidXBkYXRlIjoxODAwMDAwMDAwMDAwfX0=",
          "dependencies": [
            "module.vm.azurerm_public_ip.test",
            "module.vm.azurerm_resource_group.test"
          ]
        }
      ]
    },
    {
      "module": "module.vm",
      "mode": "managed",
      "type": "azurerm_lb_backend_address_pool",
      "name": "test",
      "provider": "provider[\"registry.terraform.io/hashicorp/azurerm\"]",
      "instances": [
        {
          "schema_version": 0,
          "attributes": {
            "backend_address": [],
            "backend_ip_configurations": [],
            "id": "/subscriptions/bfac31e9-2910-4663-80dc-d45bdc627fb1/resourceGroups/Sprint-default/providers/Microsoft.Network/loadBalancers/default-loadBalancer/backendAddressPools/default-BackEndAddressPool",
            "load_balancing_rules": [],
            "loadbalancer_id": "/subscriptions/bfac31e9-2910-4663-80dc-d45bdc627fb1/resourceGroups/Sprint-default/providers/Microsoft.Network/loadBalancers/default-loadBalancer",
            "name": "default-BackEndAddressPool",
            "outbound_rules": [],
            "resource_group_name": "Sprint-default",
            "timeouts": null
          },
          "sensitive_attributes": [],
          "private": "eyJlMmJmYjczMC1lY2FhLTExZTYtOGY4OC0zNDM2M2JjN2M0YzAiOnsiY3JlYXRlIjoxODAwMDAwMDAwMDAwLCJkZWxldGUiOjE4MDAwMDAwMDAwMDAsInJlYWQiOjMwMDAwMDAwMDAwMCwidXBkYXRlIjoxODAwMDAwMDAwMDAwfX0=",
          "dependencies": [
            "module.vm.azurerm_lb.test",
            "module.vm.azurerm_public_ip.test",
            "module.vm.azurerm_resource_group.test"
          ]
        }
      ]
    },
    {
      "module": "module.vm",
      "mode": "managed",
      "type": "azurerm_linux_virtual_machine",
      "name": "test",
      "provider": "provider[\"registry.terraform.io/hashicorp/azurerm\"]",
      "instances": [
        {
          "index_key": 0,
          "schema_version": 0,
          "attributes": {
            "additional_capabilities": [],
            "admin_password": "Hyper10n!",
            "admin_ssh_key": [],
            "admin_username": "azureadmin",
            "allow_extension_operations": true,
            "availability_set_id": "",
            "boot_diagnostics": [],
            "computer_name": "default-Server1",
            "custom_data": null,
            "dedicated_host_id": "",
            "disable_password_authentication": false,
            "encryption_at_host_enabled": false,
            "eviction_policy": "",
            "extensions_time_budget": "PT1H30M",
            "id": "/subscriptions/bfac31e9-2910-4663-80dc-d45bdc627fb1/resourceGroups/Sprint-default/providers/Microsoft.Compute/virtualMachines/default-Server1",
            "identity": [],
            "license_type": "",
            "location": "usgovvirginia",
            "max_bid_price": -1,
            "name": "default-Server1",
            "network_interface_ids": [
              "/subscriptions/bfac31e9-2910-4663-80dc-d45bdc627fb1/resourceGroups/Sprint-default/providers/Microsoft.Network/networkInterfaces/default-Server1-NIC"
            ],
            "os_disk": [
              {
                "caching": "ReadWrite",
                "diff_disk_settings": [],
                "disk_encryption_set_id": "",
                "disk_size_gb": 30,
                "name": "default-Server1_OsDisk_1_f6a62688530f4fbda9a6f4fa6992ecb1",
                "storage_account_type": "Standard_LRS",
                "write_accelerator_enabled": false
              }
            ],
            "plan": [],
            "platform_fault_domain": -1,
            "priority": "Regular",
            "private_ip_address": "10.3.2.4",
            "private_ip_addresses": [
              "10.3.2.4"
            ],
            "provision_vm_agent": true,
            "proximity_placement_group_id": "",
            "public_ip_address": "",
            "public_ip_addresses": [],
            "resource_group_name": "Sprint-default",
            "secret": [],
            "size": "Standard_D2s_v4",
            "source_image_id": "",
            "source_image_reference": [
              {
                "offer": "UbuntuServer",
                "publisher": "Canonical",
                "sku": "16.04-LTS",
                "version": "latest"
              }
            ],
            "tags": {
              "Name": "Sprint - default",
              "Project": "T853_Cloud_Bench_AR7120"
            },
            "timeouts": null,
            "virtual_machine_id": "568bf2b4-a174-4fe0-9140-b03a5ed723ec",
            "virtual_machine_scale_set_id": "",
            "zone": ""
          },
          "sensitive_attributes": [],
          "private": "eyJlMmJmYjczMC1lY2FhLTExZTYtOGY4OC0zNDM2M2JjN2M0YzAiOnsiY3JlYXRlIjoyNzAwMDAwMDAwMDAwLCJkZWxldGUiOjI3MDAwMDAwMDAwMDAsInJlYWQiOjMwMDAwMDAwMDAwMCwidXBkYXRlIjoyNzAwMDAwMDAwMDAwfX0=",
          "dependencies": [
            "module.vm.azurerm_network_interface.test",
            "module.vm.azurerm_resource_group.test",
            "module.vm.azurerm_subnet.test",
            "module.vm.azurerm_virtual_network.test"
          ]
        },
        {
          "index_key": 1,
          "schema_version": 0,
          "attributes": {
            "additional_capabilities": [],
            "admin_password": "Hyper10n!",
            "admin_ssh_key": [],
            "admin_username": "azureadmin",
            "allow_extension_operations": true,
            "availability_set_id": "",
            "boot_diagnostics": [],
            "computer_name": "default-Server2",
            "custom_data": null,
            "dedicated_host_id": "",
            "disable_password_authentication": false,
            "encryption_at_host_enabled": false,
            "eviction_policy": "",
            "extensions_time_budget": "PT1H30M",
            "id": "/subscriptions/bfac31e9-2910-4663-80dc-d45bdc627fb1/resourceGroups/Sprint-default/providers/Microsoft.Compute/virtualMachines/default-Server2",
            "identity": [],
            "license_type": "",
            "location": "usgovvirginia",
            "max_bid_price": -1,
            "name": "default-Server2",
            "network_interface_ids": [
              "/subscriptions/bfac31e9-2910-4663-80dc-d45bdc627fb1/resourceGroups/Sprint-default/providers/Microsoft.Network/networkInterfaces/default-Server2-NIC"
            ],
            "os_disk": [
              {
                "caching": "ReadWrite",
                "diff_disk_settings": [],
                "disk_encryption_set_id": "",
                "disk_size_gb": 30,
                "name": "default-Server2_OsDisk_1_8f5005f6858e4a7083a72ff06ef7dfe6",
                "storage_account_type": "Standard_LRS",
                "write_accelerator_enabled": false
              }
            ],
            "plan": [],
            "platform_fault_domain": -1,
            "priority": "Regular",
            "private_ip_address": "10.3.2.5",
            "private_ip_addresses": [
              "10.3.2.5"
            ],
            "provision_vm_agent": true,
            "proximity_placement_group_id": "",
            "public_ip_address": "",
            "public_ip_addresses": [],
            "resource_group_name": "Sprint-default",
            "secret": [],
            "size": "Standard_D2s_v4",
            "source_image_id": "",
            "source_image_reference": [
              {
                "offer": "UbuntuServer",
                "publisher": "Canonical",
                "sku": "16.04-LTS",
                "version": "latest"
              }
            ],
            "tags": {
              "Name": "Sprint - default",
              "Project": "T853_Cloud_Bench_AR7120"
            },
            "timeouts": null,
            "virtual_machine_id": "13e5e039-a6c9-4db9-86cb-63437a4a873a",
            "virtual_machine_scale_set_id": "",
            "zone": ""
          },
          "sensitive_attributes": [],
          "private": "eyJlMmJmYjczMC1lY2FhLTExZTYtOGY4OC0zNDM2M2JjN2M0YzAiOnsiY3JlYXRlIjoyNzAwMDAwMDAwMDAwLCJkZWxldGUiOjI3MDAwMDAwMDAwMDAsInJlYWQiOjMwMDAwMDAwMDAwMCwidXBkYXRlIjoyNzAwMDAwMDAwMDAwfX0=",
          "dependencies": [
            "module.vm.azurerm_network_interface.test",
            "module.vm.azurerm_resource_group.test",
            "module.vm.azurerm_subnet.test",
            "module.vm.azurerm_virtual_network.test"
          ]
        }
      ]
    },
    {
      "module": "module.vm",
      "mode": "managed",
      "type": "azurerm_network_interface",
      "name": "test",
      "provider": "provider[\"registry.terraform.io/hashicorp/azurerm\"]",
      "instances": [
        {
          "index_key": 0,
          "schema_version": 0,
          "attributes": {
            "applied_dns_servers": [],
            "dns_servers": [],
            "enable_accelerated_networking": false,
            "enable_ip_forwarding": false,
            "id": "/subscriptions/bfac31e9-2910-4663-80dc-d45bdc627fb1/resourceGroups/Sprint-default/providers/Microsoft.Network/networkInterfaces/default-Server1-NIC",
            "internal_dns_name_label": "",
            "internal_domain_name_suffix": "gahcmvkkfj4ubcneyy3cl4dxxh.ax.internal.usgovcloudapp.net",
            "ip_configuration": [
              {
                "name": "testConfiguration",
                "primary": true,
                "private_ip_address": "10.3.2.4",
                "private_ip_address_allocation": "Dynamic",
                "private_ip_address_version": "IPv4",
                "public_ip_address_id": "",
                "subnet_id": "/subscriptions/bfac31e9-2910-4663-80dc-d45bdc627fb1/resourceGroups/Sprint-default/providers/Microsoft.Network/virtualNetworks/default-VNET/subnets/default-Subnet"
              }
            ],
            "location": "usgovvirginia",
            "mac_address": "",
            "name": "default-Server1-NIC",
            "private_ip_address": "10.3.2.4",
            "private_ip_addresses": [
              "10.3.2.4"
            ],
            "resource_group_name": "Sprint-default",
            "tags": {
              "Project": "T853_Cloud_Bench_AR7120"
            },
            "timeouts": null,
            "virtual_machine_id": ""
          },
          "sensitive_attributes": [],
          "private": "eyJlMmJmYjczMC1lY2FhLTExZTYtOGY4OC0zNDM2M2JjN2M0YzAiOnsiY3JlYXRlIjoxODAwMDAwMDAwMDAwLCJkZWxldGUiOjE4MDAwMDAwMDAwMDAsInJlYWQiOjMwMDAwMDAwMDAwMCwidXBkYXRlIjoxODAwMDAwMDAwMDAwfX0=",
          "dependencies": [
            "module.vm.azurerm_resource_group.test",
            "module.vm.azurerm_subnet.test",
            "module.vm.azurerm_virtual_network.test"
          ]
        },
        {
          "index_key": 1,
          "schema_version": 0,
          "attributes": {
            "applied_dns_servers": [],
            "dns_servers": [],
            "enable_accelerated_networking": false,
            "enable_ip_forwarding": false,
            "id": "/subscriptions/bfac31e9-2910-4663-80dc-d45bdc627fb1/resourceGroups/Sprint-default/providers/Microsoft.Network/networkInterfaces/default-Server2-NIC",
            "internal_dns_name_label": "",
            "internal_domain_name_suffix": "gahcmvkkfj4ubcneyy3cl4dxxh.ax.internal.usgovcloudapp.net",
            "ip_configuration": [
              {
                "name": "testConfiguration",
                "primary": true,
                "private_ip_address": "10.3.2.5",
                "private_ip_address_allocation": "Dynamic",
                "private_ip_address_version": "IPv4",
                "public_ip_address_id": "",
                "subnet_id": "/subscriptions/bfac31e9-2910-4663-80dc-d45bdc627fb1/resourceGroups/Sprint-default/providers/Microsoft.Network/virtualNetworks/default-VNET/subnets/default-Subnet"
              }
            ],
            "location": "usgovvirginia",
            "mac_address": "",
            "name": "default-Server2-NIC",
            "private_ip_address": "10.3.2.5",
            "private_ip_addresses": [
              "10.3.2.5"
            ],
            "resource_group_name": "Sprint-default",
            "tags": {
              "Project": "T853_Cloud_Bench_AR7120"
            },
            "timeouts": null,
            "virtual_machine_id": ""
          },
          "sensitive_attributes": [],
          "private": "eyJlMmJmYjczMC1lY2FhLTExZTYtOGY4OC0zNDM2M2JjN2M0YzAiOnsiY3JlYXRlIjoxODAwMDAwMDAwMDAwLCJkZWxldGUiOjE4MDAwMDAwMDAwMDAsInJlYWQiOjMwMDAwMDAwMDAwMCwidXBkYXRlIjoxODAwMDAwMDAwMDAwfX0=",
          "dependencies": [
            "module.vm.azurerm_resource_group.test",
            "module.vm.azurerm_subnet.test",
            "module.vm.azurerm_virtual_network.test"
          ]
        }
      ]
    },
    {
      "module": "module.vm",
      "mode": "managed",
      "type": "azurerm_network_interface_security_group_association",
      "name": "test_asso_nic",
      "provider": "provider[\"registry.terraform.io/hashicorp/azurerm\"]",
      "instances": [
        {
          "index_key": 0,
          "schema_version": 0,
          "attributes": {
            "id": "/subscriptions/bfac31e9-2910-4663-80dc-d45bdc627fb1/resourceGroups/Sprint-default/providers/Microsoft.Network/networkInterfaces/default-Server1-NIC|/subscriptions/bfac31e9-2910-4663-80dc-d45bdc627fb1/resourceGroups/Sprint-default/providers/Microsoft.Network/networkSecurityGroups/default-SecurityGroup",
            "network_interface_id": "/subscriptions/bfac31e9-2910-4663-80dc-d45bdc627fb1/resourceGroups/Sprint-default/providers/Microsoft.Network/networkInterfaces/default-Server1-NIC",
            "network_security_group_id": "/subscriptions/bfac31e9-2910-4663-80dc-d45bdc627fb1/resourceGroups/Sprint-default/providers/Microsoft.Network/networkSecurityGroups/default-SecurityGroup",
            "timeouts": null
          },
          "sensitive_attributes": [],
          "private": "eyJlMmJmYjczMC1lY2FhLTExZTYtOGY4OC0zNDM2M2JjN2M0YzAiOnsiY3JlYXRlIjoxODAwMDAwMDAwMDAwLCJkZWxldGUiOjE4MDAwMDAwMDAwMDAsInJlYWQiOjMwMDAwMDAwMDAwMCwidXBkYXRlIjoxODAwMDAwMDAwMDAwfX0=",
          "dependencies": [
            "module.vm.azurerm_network_interface.test",
            "module.vm.azurerm_network_security_group.test_NSG",
            "module.vm.azurerm_resource_group.test",
            "module.vm.azurerm_subnet.test",
            "module.vm.azurerm_virtual_network.test"
          ]
        },
        {
          "index_key": 1,
          "schema_version": 0,
          "attributes": {
            "id": "/subscriptions/bfac31e9-2910-4663-80dc-d45bdc627fb1/resourceGroups/Sprint-default/providers/Microsoft.Network/networkInterfaces/default-Server2-NIC|/subscriptions/bfac31e9-2910-4663-80dc-d45bdc627fb1/resourceGroups/Sprint-default/providers/Microsoft.Network/networkSecurityGroups/default-SecurityGroup",
            "network_interface_id": "/subscriptions/bfac31e9-2910-4663-80dc-d45bdc627fb1/resourceGroups/Sprint-default/providers/Microsoft.Network/networkInterfaces/default-Server2-NIC",
            "network_security_group_id": "/subscriptions/bfac31e9-2910-4663-80dc-d45bdc627fb1/resourceGroups/Sprint-default/providers/Microsoft.Network/networkSecurityGroups/default-SecurityGroup",
            "timeouts": null
          },
          "sensitive_attributes": [],
          "private": "eyJlMmJmYjczMC1lY2FhLTExZTYtOGY4OC0zNDM2M2JjN2M0YzAiOnsiY3JlYXRlIjoxODAwMDAwMDAwMDAwLCJkZWxldGUiOjE4MDAwMDAwMDAwMDAsInJlYWQiOjMwMDAwMDAwMDAwMCwidXBkYXRlIjoxODAwMDAwMDAwMDAwfX0=",
          "dependencies": [
            "module.vm.azurerm_network_interface.test",
            "module.vm.azurerm_network_security_group.test_NSG",
            "module.vm.azurerm_resource_group.test",
            "module.vm.azurerm_subnet.test",
            "module.vm.azurerm_virtual_network.test"
          ]
        }
      ]
    },
    {
      "module": "module.vm",
      "mode": "managed",
      "type": "azurerm_network_security_group",
      "name": "test_NSG",
      "provider": "provider[\"registry.terraform.io/hashicorp/azurerm\"]",
      "instances": [
        {
          "schema_version": 0,
          "attributes": {
            "id": "/subscriptions/bfac31e9-2910-4663-80dc-d45bdc627fb1/resourceGroups/Sprint-default/providers/Microsoft.Network/networkSecurityGroups/default-SecurityGroup",
            "location": "usgovvirginia",
            "name": "default-SecurityGroup",
            "resource_group_name": "Sprint-default",
            "security_rule": [
              {
                "access": "Allow",
                "description": "",
                "destination_address_prefix": "*",
                "destination_address_prefixes": [],
                "destination_application_security_group_ids": [],
                "destination_port_range": "22",
                "destination_port_ranges": [],
                "direction": "Inbound",
                "name": "SSH",
                "priority": 100,
                "protocol": "Tcp",
                "source_address_prefix": "*",
                "source_address_prefixes": [],
                "source_application_security_group_ids": [],
                "source_port_range": "*",
                "source_port_ranges": []
              }
            ],
            "tags": {
              "Project": "T853_Cloud_Bench_AR7120",
              "environment": "test"
            },
            "timeouts": null
          },
          "sensitive_attributes": [],
          "private": "eyJlMmJmYjczMC1lY2FhLTExZTYtOGY4OC0zNDM2M2JjN2M0YzAiOnsiY3JlYXRlIjoxODAwMDAwMDAwMDAwLCJkZWxldGUiOjE4MDAwMDAwMDAwMDAsInJlYWQiOjMwMDAwMDAwMDAwMCwidXBkYXRlIjoxODAwMDAwMDAwMDAwfX0=",
          "dependencies": [
            "module.vm.azurerm_resource_group.test"
          ]
        }
      ]
    },
    {
      "module": "module.vm",
      "mode": "managed",
      "type": "azurerm_public_ip",
      "name": "test",
      "provider": "provider[\"registry.terraform.io/hashicorp/azurerm\"]",
      "instances": [
        {
          "schema_version": 0,
          "attributes": {
            "allocation_method": "Static",
            "availability_zone": "No-Zone",
            "domain_name_label": null,
            "fqdn": null,
            "id": "/subscriptions/bfac31e9-2910-4663-80dc-d45bdc627fb1/resourceGroups/Sprint-default/providers/Microsoft.Network/publicIPAddresses/default-publicIPForLB",
            "idle_timeout_in_minutes": 4,
            "ip_address": "20.141.87.2",
            "ip_tags": null,
            "ip_version": "IPv4",
            "location": "usgovvirginia",
            "name": "default-publicIPForLB",
            "public_ip_prefix_id": null,
            "resource_group_name": "Sprint-default",
            "reverse_fqdn": null,
            "sku": "Basic",
            "tags": {
              "Project": "T853_Cloud_Bench_AR7120"
            },
            "timeouts": null,
            "zones": []
          },
          "sensitive_attributes": [],
          "private": "eyJlMmJmYjczMC1lY2FhLTExZTYtOGY4OC0zNDM2M2JjN2M0YzAiOnsiY3JlYXRlIjoxODAwMDAwMDAwMDAwLCJkZWxldGUiOjE4MDAwMDAwMDAwMDAsInJlYWQiOjMwMDAwMDAwMDAwMCwidXBkYXRlIjoxODAwMDAwMDAwMDAwfX0=",
          "dependencies": [
            "module.vm.azurerm_resource_group.test"
          ]
        }
      ]
    },
    {
      "module": "module.vm",
      "mode": "managed",
      "type": "azurerm_resource_group",
      "name": "test",
      "provider": "provider[\"registry.terraform.io/hashicorp/azurerm\"]",
      "instances": [
        {
          "schema_version": 0,
          "attributes": {
            "id": "/subscriptions/bfac31e9-2910-4663-80dc-d45bdc627fb1/resourceGroups/Sprint-default",
            "location": "usgovvirginia",
            "name": "Sprint-default",
            "tags": null,
            "timeouts": null
          },
          "sensitive_attributes": [],
          "private": "eyJlMmJmYjczMC1lY2FhLTExZTYtOGY4OC0zNDM2M2JjN2M0YzAiOnsiY3JlYXRlIjo1NDAwMDAwMDAwMDAwLCJkZWxldGUiOjU0MDAwMDAwMDAwMDAsInJlYWQiOjMwMDAwMDAwMDAwMCwidXBkYXRlIjo1NDAwMDAwMDAwMDAwfX0="
        }
      ]
    },
    {
      "module": "module.vm",
      "mode": "managed",
      "type": "azurerm_subnet",
      "name": "test",
      "provider": "provider[\"registry.terraform.io/hashicorp/azurerm\"]",
      "instances": [
        {
          "schema_version": 0,
          "attributes": {
            "address_prefix": "10.3.2.0/24",
            "address_prefixes": [
              "10.3.2.0/24"
            ],
            "delegation": [],
            "enforce_private_link_endpoint_network_policies": false,
            "enforce_private_link_service_network_policies": false,
            "id": "/subscriptions/bfac31e9-2910-4663-80dc-d45bdc627fb1/resourceGroups/Sprint-default/providers/Microsoft.Network/virtualNetworks/default-VNET/subnets/default-Subnet",
            "name": "default-Subnet",
            "resource_group_name": "Sprint-default",
            "service_endpoint_policy_ids": null,
            "service_endpoints": null,
            "timeouts": null,
            "virtual_network_name": "default-VNET"
          },
          "sensitive_attributes": [],
          "private": "eyJlMmJmYjczMC1lY2FhLTExZTYtOGY4OC0zNDM2M2JjN2M0YzAiOnsiY3JlYXRlIjoxODAwMDAwMDAwMDAwLCJkZWxldGUiOjE4MDAwMDAwMDAwMDAsInJlYWQiOjMwMDAwMDAwMDAwMCwidXBkYXRlIjoxODAwMDAwMDAwMDAwfX0=",
          "dependencies": [
            "module.vm.azurerm_resource_group.test",
            "module.vm.azurerm_virtual_network.test"
          ]
        }
      ]
    },
    {
      "module": "module.vm",
      "mode": "managed",
      "type": "azurerm_virtual_network",
      "name": "test",
      "provider": "provider[\"registry.terraform.io/hashicorp/azurerm\"]",
      "instances": [
        {
          "schema_version": 0,
          "attributes": {
            "address_space": [
              "10.3.0.0/16",
              "10.4.0.0/16"
            ],
            "bgp_community": "",
            "ddos_protection_plan": [],
            "dns_servers": null,
            "guid": "55260e30-2a4a-407d-89a4-c63a25f877bf",
            "id": "/subscriptions/bfac31e9-2910-4663-80dc-d45bdc627fb1/resourceGroups/Sprint-default/providers/Microsoft.Network/virtualNetworks/default-VNET",
            "location": "usgovvirginia",
            "name": "default-VNET",
            "resource_group_name": "Sprint-default",
            "subnet": [],
            "tags": {
              "Project": "T853_Cloud_Bench_AR7120"
            },
            "timeouts": null,
            "vm_protection_enabled": false
          },
          "sensitive_attributes": [],
          "private": "eyJlMmJmYjczMC1lY2FhLTExZTYtOGY4OC0zNDM2M2JjN2M0YzAiOnsiY3JlYXRlIjoxODAwMDAwMDAwMDAwLCJkZWxldGUiOjE4MDAwMDAwMDAwMDAsInJlYWQiOjMwMDAwMDAwMDAwMCwidXBkYXRlIjoxODAwMDAwMDAwMDAwfX0=",
          "dependencies": [
            "module.vm.azurerm_resource_group.test"
          ]
        }
      ]
    },
    {
      "module": "module.vm",
      "mode": "managed",
      "type": "azurerm_virtual_network_peering",
      "name": "example-1",
      "provider": "provider[\"registry.terraform.io/hashicorp/azurerm\"]",
      "instances": [
        {
          "schema_version": 0,
          "attributes": {
            "allow_forwarded_traffic": false,
            "allow_gateway_transit": false,
            "allow_virtual_network_access": true,
            "id": "/subscriptions/bfac31e9-2910-4663-80dc-d45bdc627fb1/resourceGroups/Sprint-default/providers/Microsoft.Network/virtualNetworks/default-VNET/virtualNetworkPeerings/peer1to2",
            "name": "peer1to2",
            "remote_virtual_network_id": "/subscriptions/bfac31e9-2910-4663-80dc-d45bdc627fb1/resourceGroups/ecisnerosRG/providers/Microsoft.Network/virtualNetworks/ecisnerosRG-vnet",
            "resource_group_name": "Sprint-default",
            "timeouts": null,
            "use_remote_gateways": false,
            "virtual_network_name": "default-VNET"
          },
          "sensitive_attributes": [],
          "private": "eyJlMmJmYjczMC1lY2FhLTExZTYtOGY4OC0zNDM2M2JjN2M0YzAiOnsiY3JlYXRlIjoxODAwMDAwMDAwMDAwLCJkZWxldGUiOjE4MDAwMDAwMDAwMDAsInJlYWQiOjMwMDAwMDAwMDAwMCwidXBkYXRlIjoxODAwMDAwMDAwMDAwfX0=",
          "dependencies": [
            "module.vm.azurerm_resource_group.test",
            "module.vm.azurerm_virtual_network.test",
            "module.vm.data.azurerm_virtual_network.transit_vnet"
          ]
        }
      ]
    },
    {
      "module": "module.vm",
      "mode": "managed",
      "type": "azurerm_virtual_network_peering",
      "name": "example-2",
      "provider": "provider[\"registry.terraform.io/hashicorp/azurerm\"]",
      "instances": [
        {
          "schema_version": 0,
          "attributes": {
            "allow_forwarded_traffic": false,
            "allow_gateway_transit": false,
            "allow_virtual_network_access": true,
            "id": "/subscriptions/bfac31e9-2910-4663-80dc-d45bdc627fb1/resourceGroups/ecisnerosRG/providers/Microsoft.Network/virtualNetworks/ecisnerosRG-vnet/virtualNetworkPeerings/peer2to1",
            "name": "peer2to1",
            "remote_virtual_network_id": "/subscriptions/bfac31e9-2910-4663-80dc-d45bdc627fb1/resourceGroups/Sprint-default/providers/Microsoft.Network/virtualNetworks/default-VNET",
            "resource_group_name": "ecisnerosRG",
            "timeouts": null,
            "use_remote_gateways": false,
            "virtual_network_name": "ecisnerosRG-vnet"
          },
          "sensitive_attributes": [],
          "private": "eyJlMmJmYjczMC1lY2FhLTExZTYtOGY4OC0zNDM2M2JjN2M0YzAiOnsiY3JlYXRlIjoxODAwMDAwMDAwMDAwLCJkZWxldGUiOjE4MDAwMDAwMDAwMDAsInJlYWQiOjMwMDAwMDAwMDAwMCwidXBkYXRlIjoxODAwMDAwMDAwMDAwfX0=",
          "dependencies": [
            "module.vm.azurerm_resource_group.test",
            "module.vm.azurerm_virtual_network.test",
            "module.vm.data.azurerm_virtual_network.transit_vnet"
          ]
        }
      ]
    }
  ]
}
